filippo.io/edwards25519 v1.1.1 h1:YpjwWWlNmGIDyXOn8zLzqiD+9TyIlPhGFG96P39uBpw=
filippo.io/edwards25519 v1.1.1/go.mod h1:BxyFTGdWcka3PhytdK4V28tE5sGfRvvvRV7EaN4VDT4=
github.com/aws/aws-sdk-go-v2 v1.41.3 h1:4kQ/fa22KjDt13QCy1+bYADvdgcxpfH18f0zP542kZA=
github.com/aws/aws-sdk-go-v2 v1.41.3/go.mod h1:mwsPRE8ceUUpiTgF7QmQIJ7lgsKUPQOUl3o72QBrE1o=
github.com/aws/aws-sdk-go-v2/config v1.32.11 h1:ftxI5sgz8jZkckuUHXfC/wMUc8u3fG1vQS0plr2F2Zs=
github.com/aws/aws-sdk-go-v2/config v1.32.11/go.mod h1:twF11+6ps9aNRKEDimksp923o44w/Thk9+8YIlzWMmo=
github.com/aws/aws-sdk-go-v2/credentials v1.19.11 h1:NdV8cwCcAXrCWyxArt58BrvZJ9pZ9Fhf9w6Uh5W3Uyc=
github.com/aws/aws-sdk-go-v2/credentials v1.19.11/go.mod h1:30yY2zqkMPdrvxBqzI9xQCM+WrlrZKSOpSJEsylVU+8=
github.com/aws/aws-sdk-go-v2/feature/ec2/imds v1.18.19 h1:INUvJxmhdEbVulJYHI061k4TVuS3jzzthNvjqvVvTKM=
github.com/aws/aws-sdk-go-v2/feature/ec2/imds v1.18.19/go.mod h1:FpZN2QISLdEBWkayloda+sZjVJL+e9Gl0k1SyTgcswU=
github.com/aws/aws-sdk-go-v2/internal/configsources v1.4.19 h1:/sECfyq2JTifMI2JPyZ4bdRN77zJmr6SrS1eL3augIA=
github.com/aws/aws-sdk-go-v2/internal/configsources v1.4.19/go.mod h1:dMf8A5oAqr9/oxOfLkC/c2LU/uMcALP0Rgn2BD5LWn0=
github.com/aws/aws-sdk-go-v2/internal/endpoints/v2 v2.7.19 h1:AWeJMk33GTBf6J20XJe6qZoRSJo0WfUhsMdUKhoODXE=
github.com/aws/aws-sdk-go-v2/internal/endpoints/v2 v2.7.19/go.mod h1:+GWrYoaAsV7/4pNHpwh1kiNLXkKaSoppxQq9lbH8Ejw=
github.com/aws/aws-sdk-go-v2/internal/ini v1.8.5 h1:clHU5fm//kWS1C2HgtgWxfQbFbx4b6rx+5jzhgX9HrI=
github.com/aws/aws-sdk-go-v2/internal/ini v1.8.5/go.mod h1:O3h0IK87yXci+kg6flUKzJnWeziQUKciKrLjcatSNcY=
github.com/aws/aws-sdk-go-v2/service/dynamodb v1.56.1 h1:EkW4NqA2mwCkL7YCDYh6OpA/bCMhKYbZgpRHt2FD2Ow=
github.com/aws/aws-sdk-go-v2/service/dynamodb v1.56.1/go.mod h1:OQp5333OH1IjmJmJpTU4IwoaOoCMnDrThg0zIx169rE=
github.com/aws/aws-sdk-go-v2/service/internal/accept-encoding v1.13.6 h1:XAq62tBTJP/85lFD5oqOOe7YYgWxY9LvWq8plyDvDVg=
github.com/aws/aws-sdk-go-v2/service/internal/accept-encoding v1.13.6/go.mod h1:x0nZssQ3qZSnIcePWLvcoFisRXJzcTVvYpAAdYX8+GI=
github.com/aws/aws-sdk-go-v2/service/internal/endpoint-discovery v1.11.19 h1:jdCj9vbCXwzTcIJX+MVd2UdssFhRJFTrWlPZwZB8Hpk=
github.com/aws/aws-sdk-go-v2/service/internal/endpoint-discovery v1.11.19/go.mod h1:Dgg2d5WGRr7YB8JJsELskBxLUhgwWppXPwlvmuQKhbc=
github.com/aws/aws-sdk-go-v2/service/internal/presigned-url v1.13.19 h1:X1Tow7suZk9UCJHE1Iw9GMZJJl0dAnKXXP1NaSDHwmw=
github.com/aws/aws-sdk-go-v2/service/internal/presigned-url v1.13.19/go.mod h1:/rARO8psX+4sfjUQXp5LLifjUt8DuATZ31WptNJTyQA=
github.com/aws/aws-sdk-go-v2/service/signin v1.0.7 h1:Y2cAXlClHsXkkOvWZFXATr34b0hxxloeQu/pAZz2row=
github.com/aws/aws-sdk-go-v2/service/signin v1.0.7/go.mod h1:idzZ7gmDeqeNrSPkdbtMp9qWMgcBwykA7P7Rzh5DXVU=
github.com/aws/aws-sdk-go-v2/service/sso v1.30.12 h1:iSsvB9EtQ09YrsmIc44Heqlx5ByGErqhPK1ZQLppias=
github.com/aws/aws-sdk-go-v2/service/sso v1.30.12/go.mod h1:fEWYKTRGoZNl8tZ77i61/ccwOMJdGxwOhWCkp6TXAr0=
github.com/aws/aws-sdk-go-v2/service/ssooidc v1.35.16 h1:EnUdUqRP1CNzt2DkV67tJx6XDN4xlfBFm+bzeNOQVb0=
github.com/aws/aws-sdk-go-v2/service/ssooidc v1.35.16/go.mod h1:Jic/xv0Rq/pFNCh3WwpH4BEqdbSAl+IyHro8LbibHD8=
github.com/aws/aws-sdk-go-v2/service/sts v1.41.8 h1:XQTQTF75vnug2TXS8m7CVJfC2nniYPZnO1D4Np761Oo=
github.com/aws/aws-sdk-go-v2/service/sts v1.41.8/go.mod h1:Xgx+PR1NUOjNmQY+tRMnouRp83JRM8pRMw/vCaVhPkI=
github.com/aws/smithy-go v1.24.2 h1:FzA3bu/nt/vDvmnkg+R8Xl46gmzEDam6mZ1hzmwXFng=
github.com/aws/smithy-go v1.24.2/go.mod h1:YE2RhdIuDbA5E5bTdciG9KrW3+TiEONeUWCqxX9i1Fc=
github.com/bool64/dev v0.2.43 h1:yQ7qiZVef6WtCl2vDYU0Y+qSq+0aBrQzY8KXkklk9cQ=
github.com/bool64/dev v0.2.43/go.mod h1:iJbh1y/HkunEPhgebWRNcs8wfGq7sjvJ6W5iabL8ACg=
github.com/bool64/shared v0.1.5 h1:fp3eUhBsrSjNCQPcSdQqZxxh9bBwrYiZ+zOKFkM0/2E=
github.com/bool64/shared v0.1.5/go.mod h1:081yz68YC9jeFB3+Bbmno2RFWvGKv1lPKkMP6MHJlPs=
github.com/bsm/ginkgo/v2 v2.12.0 h1:Ny8MWAHyOepLGlLKYmXG4IEkioBysk6GpaRTLC8zwWs=
github.com/bsm/ginkgo/v2 v2.12.0/go.mod h1:SwYbGRRDovPVboqFv0tPTcG1sN61LM1Z4ARdbAV9g4c=
github.com/bsm/gomega v1.27.10 h1:yeMWxP2pV2fG3FgAODIY8EiRE3dy0aeFYt4l7wh6yKA=
github.com/bsm/gomega v1.27.10/go.mod h1:JyEr/xRbxbtgWNi8tIEVPUYZ5Dzef52k01W3YH0H+O0=
github.com/cespare/xxhash/v2 v2.3.0 h1:UL815xU9SqsFlibzuggzjXhog7bL6oX9BbNZnL2UFvs=
github.com/cespare/xxhash/v2 v2.3.0/go.mod h1:VGX0DQ3Q6kWi7AoAeZDth3/j3BFtOZR5XLFGgcrjCOs=
github.com/cpuguy83/go-md2man/v2 v2.0.6/go.mod h1:oOW0eioCTA6cOiMLiUPZOpcVxMig6NIQQ7OS05n1F4g=
github.com/davecgh/go-spew v1.1.0/go.mod h1:J7Y8YcW2NihsgmVo/mv3lAwl/skON4iLHjSsI+c5H38=
github.com/davecgh/go-spew v1.1.1 h1:vj9j/u1bqnvCEfJOwUhtlOARqs3+rkHYY13jYWTU97c=
github.com/davecgh/go-spew v1.1.1/go.mod h1:J7Y8YcW2NihsgmVo/mv3lAwl/skON4iLHjSsI+c5H38=
github.com/decred/dcrd/dcrec/secp256k1/v4 v4.4.0 h1:NMZiJj8QnKe1LgsbDayM4UoHwbvwDRwnI3hwNaAHRnc=
github.com/decred/dcrd/dcrec/secp256k1/v4 v4.4.0/go.mod h1:ZXNYxsqcloTdSy/rNShjYzMhyjf0LaoftYK0p+A3h40=
github.com/dgryski/go-rendezvous v0.0.0-20200823014737-9f7001d12a5f h1:lO4WD4F/rVNCu3HqELle0jiPLLBs70cWOduZpkS1E78=
github.com/dgryski/go-rendezvous v0.0.0-20200823014737-9f7001d12a5f/go.mod h1:cuUVRXasLTGF7a8hSLbxyZXjz+1KgoB3wDUb6vlszIc=
github.com/dlclark/regexp2 v1.11.5 h1:Q/sSnsKerHeCkc/jSTNq1oCm7KiVgUMZRDUoRu0JQZQ=
github.com/dlclark/regexp2 v1.11.5/go.mod h1:DHkYz0B9wPfa6wondMfaivmHpzrQ3v9q8cnmRbL6yW8=
github.com/go-openapi/analysis v0.24.3 h1:a1hrvMr8X0Xt69KP5uVTu5jH62DscmDifrLzNglAayk=
github.com/go-openapi/analysis v0.24.3/go.mod h1:Nc+dWJ/FxZbhSow5Yh3ozg5CLJioB+XXT6MdLvJUsUw=
github.com/go-openapi/errors v0.22.7 h1:JLFBGC0Apwdzw3484MmBqspjPbwa2SHvpDm0u5aGhUA=
github.com/go-openapi/errors v0.22.7/go.mod h1://QW6SD9OsWtH6gHllUCddOXDL0tk0ZGNYHwsw4sW3w=
github.com/go-openapi/jsonpointer v0.22.5 h1:8on/0Yp4uTb9f4XvTrM2+1CPrV05QPZXu+rvu2o9jcA=
github.com/go-openapi/jsonpointer v0.22.5/go.mod h1:gyUR3sCvGSWchA2sUBJGluYMbe1zazrYWIkWPjjMUY0=
github.com/go-openapi/jsonreference v0.21.5 h1:6uCGVXU/aNF13AQNggxfysJ+5ZcU4nEAe+pJyVWRdiE=
github.com/go-openapi/jsonreference v0.21.5/go.mod h1:u25Bw85sX4E2jzFodh1FOKMTZLcfifd1Q+iKKOUxExw=
github.com/go-openapi/loads v0.23.3 h1:g5Xap1JfwKkUnZdn+S0L3SzBDpcTIYzZ5Qaag0YDkKQ=
github.com/go-openapi/loads v0.23.3/go.mod h1:NOH07zLajXo8y55hom0omlHWDVVvCwBM/S+csCK8LqA=
github.com/go-openapi/spec v0.22.4 h1:4pxGjipMKu0FzFiu/DPwN3CTBRlVM2yLf/YTWorYfDQ=
github.com/go-openapi/spec v0.22.4/go.mod h1:WQ6Ai0VPWMZgMT4XySjlRIE6GP1bGQOtEThn3gcWLtQ=
github.com/go-openapi/strfmt v0.26.0 h1:SDdQLyOEqu8W96rO1FRG1fuCtVyzmukky0zcD6gMGLU=
github.com/go-openapi/strfmt v0.26.0/go.mod h1:Zslk5VZPOISLwmWTMBIS7oiVFem1o1EI6zULY8Uer7Y=
github.com/go-openapi/swag/conv v0.25.5 h1:wAXBYEXJjoKwE5+vc9YHhpQOFj2JYBMF2DUi+tGu97g=
github.com/go-openapi/swag/conv v0.25.5/go.mod h1:CuJ1eWvh1c4ORKx7unQnFGyvBbNlRKbnRyAvDvzWA4k=
github.com/go-openapi/swag/jsonname v0.25.5 h1:8p150i44rv/Drip4vWI3kGi9+4W9TdI3US3uUYSFhSo=
github.com/go-openapi/swag/jsonname v0.25.5/go.mod h1:jNqqikyiAK56uS7n8sLkdaNY/uq6+D2m2LANat09pKU=
github.com/go-openapi/swag/jsonutils v0.25.5 h1:XUZF8awQr75MXeC+/iaw5usY/iM7nXPDwdG3Jbl9vYo=
github.com/go-openapi/swag/jsonutils v0.25.5/go.mod h1:48FXUaz8YsDAA9s5AnaUvAmry1UcLcNVWUjY42XkrN4=
github.com/go-openapi/swag/jsonutils/fixtures_test v0.25.5 h1:SX6sE4FrGb4sEnnxbFL/25yZBb5Hcg1inLeErd86Y1U=
github.com/go-openapi/swag/jsonutils/fixtures_test v0.25.5/go.mod h1:/2KvOTrKWjVA5Xli3DZWdMCZDzz3uV/T7bXwrKWPquo=
github.com/go-openapi/swag/loading v0.25.5 h1:odQ/umlIZ1ZVRteI6ckSrvP6e2w9UTF5qgNdemJHjuU=
github.com/go-openapi/swag/loading v0.25.5/go.mod h1:I8A8RaaQ4DApxhPSWLNYWh9NvmX2YKMoB9nwvv6oW6g=
github.com/go-openapi/swag/mangling v0.25.5 h1:hyrnvbQRS7vKePQPHHDso+k6CGn5ZBs5232UqWZmJZw=
github.com/go-openapi/swag/mangling v0.25.5/go.mod h1:6hadXM/o312N/h98RwByLg088U61TPGiltQn71Iw0NY=
github.com/go-openapi/swag/stringutils v0.25.5 h1:NVkoDOA8YBgtAR/zvCx5rhJKtZF3IzXcDdwOsYzrB6M=
github.com/go-openapi/swag/stringutils v0.25.5/go.mod h1:PKK8EZdu4QJq8iezt17HM8RXnLAzY7gW0O1KKarrZII=
github.com/go-openapi/swag/typeutils v0.25.5 h1:EFJ+PCga2HfHGdo8s8VJXEVbeXRCYwzzr9u4rJk7L7E=
github.com/go-openapi/swag/typeutils v0.25.5/go.mod h1:itmFmScAYE1bSD8C4rS0W+0InZUBrB2xSPbWt6DLGuc=
github.com/go-openapi/swag/yamlutils v0.25.5 h1:kASCIS+oIeoc55j28T4o8KwlV2S4ZLPT6G0iq2SSbVQ=
github.com/go-openapi/swag/yamlutils v0.25.5/go.mod h1:Gek1/SjjfbYvM+Iq4QGwa/2lEXde9n2j4a3wI3pNuOQ=
github.com/go-openapi/testify/enable/yaml/v2 v2.4.1 h1:NZOrZmIb6PTv5LTFxr5/mKV/FjbUzGE7E6gLz7vFoOQ=
github.com/go-openapi/testify/enable/yaml/v2 v2.4.1/go.mod h1:r7dwsujEHawapMsxA69i+XMGZrQ5tRauhLAjV/sxg3Q=
github.com/go-openapi/testify/v2 v2.4.1 h1:zB34HDKj4tHwyUQHrUkpV0Q0iXQ6dUCOQtIqn8hE6Iw=
github.com/go-openapi/testify/v2 v2.4.1/go.mod h1:HCPmvFFnheKK2BuwSA0TbbdxJ3I16pjwMkYkP4Ywn54=
github.com/go-sql-driver/mysql v1.9.3 h1:U/N249h2WzJ3Ukj8SowVFjdtZKfu9vlLZxjPXV1aweo=
github.com/go-sql-driver/mysql v1.9.3/go.mod h1:qn46aNg1333BRMNU69Lq93t8du/dwxI64Gl8i5p1WMU=
github.com/go-viper/mapstructure/v2 v2.5.0 h1:vM5IJoUAy3d7zRSVtIwQgBj7BiWtMPfmPEgAXnvj1Ro=
github.com/go-viper/mapstructure/v2 v2.5.0/go.mod h1:oJDH3BJKyqBA2TXFhDsKDGDTlndYOZ6rGS0BRZIxGhM=
github.com/goccy/go-json v0.10.5 h1:Fq85nIqj+gXn/S5ahsiTlK3TmC85qgirsdTP/+DeaC4=
github.com/goccy/go-json v0.10.5/go.mod h1:oq7eo15ShAhp70Anwd5lgX2pLfOS3QCiwU/PULtXL6M=
github.com/golang/snappy v1.0.0 h1:Oy607GVXHs7RtbggtPBnr2RmDArIsAefDwvrdWvRhGs=
github.com/golang/snappy v1.0.0/go.mod h1:/XxbfmMg8lxefKM7IXC3fBNl/7bRcc72aCRzEWrmP2Q=
github.com/google/go-cmp v0.7.0 h1:wk8382ETsv4JYUZwIsn6YpYiWiBsYLSJiTsyBybVuN8=
github.com/google/go-cmp v0.7.0/go.mod h1:pXiqmnSA92OHEEa9HXL2W4E7lf9JzCmGVUdgjX3N/iU=
github.com/google/uuid v1.6.0 h1:NIvaJDMOsjHA8n1jAhLSgzrAzy1Hgr+hNrb57e+94F0=
github.com/google/uuid v1.6.0/go.mod h1:TIyPZe4MgqvfeYDBFedMoGGpEw/LqOeaOT+nhxU+yHo=
github.com/iancoleman/orderedmap v0.3.0 h1:5cbR2grmZR/DiVt+VJopEhtVs9YGInGIxAoMJn+Ichc=
github.com/iancoleman/orderedmap v0.3.0/go.mod h1:XuLcCUkdL5owUCQeF2Ue9uuw1EptkJDkXXS7VoV7XGE=
github.com/inconshreveable/mousetrap v1.1.0 h1:wN+x4NVGpMsO7ErUn/mUI3vEoE6Jt13X2s0bqwp9tc8=
github.com/inconshreveable/mousetrap v1.1.0/go.mod h1:vpF70FUmC8bwa3OWnCshd2FqLfsEA9PFc4w1p2J65bw=
github.com/klauspost/compress v1.18.1 h1:bcSGx7UbpBqMChDtsF28Lw6v/G94LPrrbMbdC3JH2co=
github.com/klauspost/compress v1.18.1/go.mod h1:ZQFFVG+MdnR0P+l6wpXgIL4NTtwiKIdBnrBd8Nrxr+0=
github.com/lestrrat-go/blackmagic v1.0.4 h1:IwQibdnf8l2KoO+qC3uT4OaTWsW7tuRQXy9TRN9QanA=
github.com/lestrrat-go/blackmagic v1.0.4/go.mod h1:6AWFyKNNj0zEXQYfTMPfZrAXUWUfTIZ5ECEUEJaijtw=
github.com/lestrrat-go/httpcc v1.0.1 h1:ydWCStUeJLkpYyjLDHihupbn2tYmZ7m22BGkcvZZrIE=
github.com/lestrrat-go/httpcc v1.0.1/go.mod h1:qiltp3Mt56+55GPVCbTdM9MlqhvzyuL6W/NMDA8vA5E=
github.com/lestrrat-go/httprc v1.0.6 h1:qgmgIRhpvBqexMJjA/PmwSvhNk679oqD1RbovdCGW8k=
github.com/lestrrat-go/httprc v1.0.6/go.mod h1:mwwz3JMTPBjHUkkDv/IGJ39aALInZLrhBp0X7KGUZlo=
github.com/lestrrat-go/iter v1.0.2 h1:gMXo1q4c2pHmC3dn8LzRhJfP1ceCbgSiT9lUydIzltI=
github.com/lestrrat-go/iter v1.0.2/go.mod h1:Momfcq3AnRlRjI5b5O8/G5/BvpzrhoFTZcn06fEOPt4=
github.com/lestrrat-go/jwx/v2 v2.1.6 h1:hxM1gfDILk/l5ylers6BX/Eq1m/pnxe9NBwW6lVfecA=
github.com/lestrrat-go/jwx/v2 v2.1.6/go.mod h1:Y722kU5r/8mV7fYDifjug0r8FK8mZdw0K0GpJw/l8pU=
github.com/lestrrat-go/option v1.0.1 h1:oAzP2fvZGQKWkvHa1/SAcFolBEca1oN+mQ7eooNBEYU=
github.com/lestrrat-go/option v1.0.1/go.mod h1:5ZHFbivi4xwXxhxY9XHDe2FHo6/Z7WWmtT7T5nBBp3I=
github.com/montanaflynn/stats v0.7.1 h1:etflOAAHORrCC44V+aR6Ftzort912ZU+YLiSTuV8eaE=
github.com/montanaflynn/stats v0.7.1/go.mod h1:etXPPgVO6n31NxCd9KQUMvCM+ve0ruNzt6R8Bnaayow=
github.com/oklog/ulid/v2 v2.1.1 h1:suPZ4ARWLOJLegGFiZZ1dFAkqzhMjL3J1TzI+5wHz8s=
github.com/oklog/ulid/v2 v2.1.1/go.mod h1:rcEKHmBBKfef9DhnvX7y1HZBYxjXb0cP5ExxNsTT1QQ=
github.com/pborman/getopt v0.0.0-20170112200414-7148bc3a4c30/go.mod h1:85jBQOZwpVEaDAr341tbn15RS4fCAsIst0qp7i8ex1o=
github.com/pmezard/go-difflib v1.0.0 h1:4DBwDE0NGyQoBHbLQYPwSUPoCMWR5BEzIk/f1lZbAQM=
github.com/pmezard/go-difflib v1.0.0/go.mod h1:iKH77koFhYxTK1pcRnkKkqfTogsbg7gZNVY4sRDYZ/4=
github.com/redis/go-redis/v9 v9.17.1 h1:7tl732FjYPRT9H9aNfyTwKg9iTETjWjGKEJ2t/5iWTs=
github.com/redis/go-redis/v9 v9.17.1/go.mod h1:u410H11HMLoB+TP67dz8rL9s6QW2j76l0//kSOd3370=
github.com/russross/blackfriday/v2 v2.1.0/go.mod h1:+Rmxgy9KzJVeS9/2gXHxylqXiyQDYRxCVz55jmeOWTM=
github.com/segmentio/asm v1.2.1 h1:DTNbBqs57ioxAD4PrArqftgypG4/qNpXoJx8TVXxPR0=
github.com/segmentio/asm v1.2.1/go.mod h1:BqMnlJP91P8d+4ibuonYZw9mfnzI9HfxselHZr5aAcs=
github.com/sergi/go-diff v1.3.1 h1:xkr+Oxo4BOQKmkn/B9eMK0g5Kg/983T9DqqPHwYqD+8=
github.com/sergi/go-diff v1.3.1/go.mod h1:aMJSSKb2lpPvRNec0+w3fl7LP9IOFzdc9Pa4NFbPK1I=
github.com/spf13/cobra v1.10.2 h1:DMTTonx5m65Ic0GOoRY2c16WCbHxOOw6xxezuLaBpcU=
github.com/spf13/cobra v1.10.2/go.mod h1:7C1pvHqHw5A4vrJfjNwvOdzYu0Gml16OCs2GRiTUUS4=
github.com/spf13/pflag v1.0.9/go.mod h1:McXfInJRrz4CZXVZOBLb0bTZqETkiAhM9Iw0y3An2Bg=
github.com/spf13/pflag v1.0.10 h1:4EBh2KAYBwaONj6b2Ye1GiHfwjqyROoF4RwYO+vPwFk=
github.com/spf13/pflag v1.0.10/go.mod h1:McXfInJRrz4CZXVZOBLb0bTZqETkiAhM9Iw0y3An2Bg=
github.com/stretchr/objx v0.1.0/go.mod h1:HFkY916IF+rwdDfMAkV7OtwuqBVzrE8GR6GFx+wExME=
github.com/stretchr/testify v1.6.1/go.mod h1:6Fq8oRcR53rry900zMqJjRRixrwX3KX962/h/Wwjteg=
github.com/stretchr/testify v1.7.1/go.mod h1:6Fq8oRcR53rry900zMqJjRRixrwX3KX962/h/Wwjteg=
github.com/stretchr/testify v1.10.0 h1:Xv5erBjTwe/5IxqUQTdXv5kgmIvbHo3QQyRwhJsOfJA=
github.com/stretchr/testify v1.10.0/go.mod h1:r2ic/lqez/lEtzL7wO/rwa5dbSLXVDPFyf8C91i36aY=
github.com/swaggest/assertjson v1.9.0 h1:dKu0BfJkIxv/xe//mkCrK5yZbs79jL7OVf9Ija7o2xQ=
github.com/swaggest/assertjson v1.9.0/go.mod h1:b+ZKX2VRiUjxfUIal0HDN85W0nHPAYUbYH5WkkSsFsU=
github.com/swaggest/jsonschema-go v0.3.79 h1:0TOShCbAJ9Xjt1e2W83l+QtMQSG2pbun2EkiYTyafCs=
github.com/swaggest/jsonschema-go v0.3.79/go.mod h1:GqVmJ+XNLeUHhFIhHNKc+C68euxfrl3a3aoZH4vTRl0=
github.com/swaggest/openapi-go v0.2.60 h1:kglHH/WIfqAglfuWL4tu0LPakqNYySzklUWx06SjSKo=
github.com/swaggest/openapi-go v0.2.60/go.mod h1:jmFOuYdsWGtHU0BOuILlHZQJxLqHiAE6en+baE+QQUk=
github.com/swaggest/refl v1.4.0 h1:CftOSdTqRqs100xpFOT/Rifss5xBV/CT0S/FN60Xe9k=
github.com/swaggest/refl v1.4.0/go.mod h1:4uUVFVfPJ0NSX9FPwMPspeHos9wPFlCMGoPRllUbpvA=
github.com/xdg-go/pbkdf2 v1.0.0 h1:Su7DPu48wXMwC3bs7MCNG+z4FhcyEuz5dlvchbq0B0c=
github.com/xdg-go/pbkdf2 v1.0.0/go.mod h1:jrpuAogTd400dnrH08LKmI/xc1MbPOebTwRqcT5RDeI=
github.com/xdg-go/scram v1.2.0 h1:bYKF2AEwG5rqd1BumT4gAnvwU/M9nBp2pTSxeZw7Wvs=
github.com/xdg-go/scram v1.2.0/go.mod h1:3dlrS0iBaWKYVt2ZfA4cj48umJZ+cAEbR6/SjLA88I8=
github.com/xdg-go/stringprep v1.0.4 h1:XLI/Ng3O1Atzq0oBs3TWm+5ZVgkq2aqdlvP9JtoZ6c8=
github.com/xdg-go/stringprep v1.0.4/go.mod h1:mPGuuIYwz7CmR2bT9j4GbQqutWS1zV24gijq1dTyGkM=
github.com/youmark/pkcs8 v0.0.0-20240726163527-a2c0da244d78 h1:ilQV1hzziu+LLM3zUTJ0trRztfwgjqKnBWNtSRkbmwM=
github.com/youmark/pkcs8 v0.0.0-20240726163527-a2c0da244d78/go.mod h1:aL8wCCfTfSfmXjznFBSZNN13rSJjlIOI1fUNAtF7rmI=
github.com/yudai/gojsondiff v1.0.0 h1:27cbfqXLVEJ1o8I6v3y9lg8Ydm53EKqHXAOMxEGlCOA=
github.com/yudai/gojsondiff v1.0.0/go.mod h1:AY32+k2cwILAkW1fbgxQ5mUmMiZFgLIV+FBNExI05xg=
github.com/yudai/golcs v0.0.0-20170316035057-ecda9a501e82 h1:BHyfKlQyqbsFN5p3IfnEUduWvb9is428/nNb5L3U01M=
github.com/yudai/golcs v0.0.0-20170316035057-ecda9a501e82/go.mod h1:lgjkn3NuSvDfVJdfcVVdX+jpBxNmX4rDAzaS45IcYoM=
github.com/yuin/goldmark v1.4.13/go.mod h1:6yULJ656Px+3vBD8DxQVa3kxgyrAnzto9xy5taEt/CY=
go.mongodb.org/mongo-driver v1.17.9 h1:IexDdCuuNJ3BHrELgBlyaH9p60JXAvdzWR128q+U5tU=
go.mongodb.org/mongo-driver v1.17.9/go.mod h1:LlOhpH5NUEfhxcAwG0UEkMqwYcc4JU18gtCdGudk/tQ=
go.yaml.in/yaml/v3 v3.0.4 h1:tfq32ie2Jv2UxXFdLJdh3jXuOzWiL1fo0bu/FbuKpbc=
go.yaml.in/yaml/v3 v3.0.4/go.mod h1:DhzuOOF2ATzADvBadXxruRBLzYTpT36CKvDb3+aBEFg=
golang.org/x/crypto v0.0.0-20190308221718-c2843e01d9a2/go.mod h1:djNgcEr1/C05ACkg1iLfiJU5Ep61QUkGW8qpdssI0+w=
golang.org/x/crypto v0.0.0-20210921155107-089bfa567519/go.mod h1:GvvjBRRGRdwPK5ydBHafDWAxML/pGHZbMvKqRZ5+Abc=
golang.org/x/crypto v0.48.0 h1:/VRzVqiRSggnhY7gNRxPauEQ5Drw9haKdM0jqfcCFts=
golang.org/x/crypto v0.48.0/go.mod h1:r0kV5h3qnFPlQnBSrULhlsRfryS2pmewsg+XfMgkVos=
golang.org/x/mod v0.6.0-dev.0.20220419223038-86c51ed26bb4/go.mod h1:jJ57K6gSWd91VN4djpZkiMVwK6gcyfeH4XE8wZrZaV4=
golang.org/x/mod v0.32.0 h1:9F4d3PHLljb6x//jOyokMv3eX+YDeepZSEo3mFJy93c=
golang.org/x/mod v0.32.0/go.mod h1:SgipZ/3h2Ci89DlEtEXWUk/HteuRin+HHhN+WbNhguU=
golang.org/x/net v0.0.0-20190620200207-3b0461eec859/go.mod h1:z5CRVTTTmAJ677TzLLGU+0bjPO0LkuOLi4/5GtJWs/s=
golang.org/x/net v0.0.0-20210226172049-e18ecbb05110/go.mod h1:m0MpNAwzfU5UDzcl9v0D8zg8gWTRqZa9RBIspLL5mdg=
golang.org/x/net v0.0.0-20220722155237-a158d28d115b/go.mod h1:XRhObCWvk6IyKnWLug+ECip1KBveYUHfp+8e9klMJ9c=
golang.org/x/net v0.50.0 h1:ucWh9eiCGyDR3vtzso0WMQinm2Dnt8cFMuQa9K33J60=
golang.org/x/net v0.50.0/go.mod h1:UgoSli3F/pBgdJBHCTc+tp3gmrU4XswgGRgtnwWTfyM=
golang.org/x/oauth2 v0.33.0 h1:4Q+qn+E5z8gPRJfmRy7C2gGG3T4jIprK6aSYgTXGRpo=
golang.org/x/oauth2 v0.33.0/go.mod h1:lzm5WQJQwKZ3nwavOZ3IS5Aulzxi68dUSgRHujetwEA=
golang.org/x/sync v0.0.0-20190423024810-112230192c58/go.mod h1:RxMgew5VJxzue5/jJTE5uejpjVlOe/izrB70Jof72aM=
golang.org/x/sync v0.0.0-20220722155255-886fb9371eb4/go.mod h1:RxMgew5VJxzue5/jJTE5uejpjVlOe/izrB70Jof72aM=
golang.org/x/sync v0.19.0 h1:vV+1eWNmZ5geRlYjzm2adRgW2/mcpevXNg50YZtPCE4=
golang.org/x/sync v0.19.0/go.mod h1:9KTHXmSnoGruLpwFjVSX0lNNA75CykiMECbovNTZqGI=
golang.org/x/sys v0.0.0-20190215142949-d0b11bdaac8a/go.mod h1:STP8DvDyc/dI5b8T5hshtkjS+E42TnysNCUPdjciGhY=
golang.org/x/sys v0.0.0-20201119102817-f84b799fce68/go.mod h1:h1NjWce9XRLGQEsW7wpKNCjG9DtNlClVuFLEZdDNbEs=
golang.org/x/sys v0.0.0-20210615035016-665e8c7367d1/go.mod h1:oPkhp1MJrh7nUepCBck5+mAzfO9JrbApNNgaTdGDITg=
golang.org/x/sys v0.0.0-20220520151302-bc2c85ada10a/go.mod h1:oPkhp1MJrh7nUepCBck5+mAzfO9JrbApNNgaTdGDITg=
golang.org/x/sys v0.0.0-20220722155257-8c9f86f7a55f/go.mod h1:oPkhp1MJrh7nUepCBck5+mAzfO9JrbApNNgaTdGDITg=
golang.org/x/sys v0.41.0 h1:Ivj+2Cp/ylzLiEU89QhWblYnOE9zerudt9Ftecq2C6k=
golang.org/x/sys v0.41.0/go.mod h1:OgkHotnGiDImocRcuBABYBEXf8A9a87e/uXjp9XT3ks=
golang.org/x/term v0.0.0-20201126162022-7de9c90e9dd1/go.mod h1:bj7SfCRtBDWHUb9snDiAeCFNEtKQo2Wmx5Cou7ajbmo=
golang.org/x/term v0.0.0-20210927222741-03fcf44c2211/go.mod h1:jbD1KX2456YbFQfuXm/mYQcufACuNUgVhRMnK/tPxf8=
golang.org/x/text v0.3.0/go.mod h1:NqM8EUOU14njkJ3fqMW+pc6Ldnwhi/IjpwHt7yyuwOQ=
golang.org/x/text v0.3.3/go.mod h1:5Zoc/QRtKVWzQhOtBMvqHzDpF6irO9z98xDceosuGiQ=
golang.org/x/text v0.3.7/go.mod h1:u+2+/6zg+i71rQMx5EYifcz6MCKuco9NR6JIITiCfzQ=
golang.org/x/text v0.3.8/go.mod h1:E6s5w1FMmriuDzIBO73fBruAKo1PCIq6d2Q6DHfQ8WQ=
golang.org/x/text v0.34.0 h1:oL/Qq0Kdaqxa1KbNeMKwQq0reLCCaFtqu2eNuSeNHbk=
golang.org/x/text v0.34.0/go.mod h1:homfLqTYRFyVYemLBFl5GgL/DWEiH5wcsQ5gSh1yziA=
golang.org/x/tools v0.0.0-20180917221912-90fa682c2a6e/go.mod h1:n7NCudcB/nEzxVGmLbDWY5pfWTLqBcC2KZ6jyYvM4mQ=
golang.org/x/tools v0.0.0-20191119224855-298f0cb1881e/go.mod h1:b+2E5dAYhXwXZwtnZ6UAqBI28+e2cm9otk0dWdXHAEo=
golang.org/x/tools v0.1.12/go.mod h1:hNGJHUnrk76NpqgfD5Aqm5Crs+Hm0VOH/i9J2+nxYbc=
golang.org/x/xerrors v0.0.0-20190717185122-a985d3407aa7/go.mod h1:I/5z698sn9Ka8TeJc9MKroUUfqBBauWjQqLJ2OPfmY0=
gopkg.in/check.v1 v0.0.0-20161208181325-20d25e280405 h1:yhCVgyC4o1eVCa2tZl7eS0r+SDo693bJlVdllGtEeKM=
gopkg.in/check.v1 v0.0.0-20161208181325-20d25e280405/go.mod h1:Co6ibVJAznAaIkqp8huTwlJQCZ016jof/cbN4VW5Yz0=
gopkg.in/yaml.v2 v2.4.0 h1:D8xgwECY7CYvx+Y2n4sBz93Jn9JRvxdiyyo8CTfuKaY=
gopkg.in/yaml.v2 v2.4.0/go.mod h1:RDklbk79AGWmwhnvt/jBztapEOGDOx6ZbXqjP6csGnQ=
gopkg.in/yaml.v3 v3.0.0-20200313102051-9f266ea9e77c/go.mod h1:K4uyk7z7BCEPqu6E+C64Yfv1cQ7kz7rIZviUmN+EgEM=
gopkg.in/yaml.v3 v3.0.1 h1:fxVm/GzAzEWqLHuvctI91KS9hhNmmWOoWu0XTYJS7CA=
gopkg.in/yaml.v3 v3.0.1/go.mod h1:K4uyk7z7BCEPqu6E+C64Yfv1cQ7kz7rIZviUmN+EgEM=
